{
  "nodes": {
    "base16-schemes": {
      "flake": false,
      "locked": {
        "lastModified": 1696158499,
        "narHash": "sha256-5yIHgDTPjoX/3oDEfLSQ0eJZdFL1SaCfb9d6M0RmOTM=",
        "owner": "tinted-theming",
        "repo": "base16-schemes",
        "rev": "a9112eaae86d9dd8ee6bb9445b664fba2f94037a",
        "type": "github"
      },
      "original": {
        "owner": "tinted-theming",
        "repo": "base16-schemes",
        "type": "github"
      }
    },
    "disko": {
      "inputs": {
        "nixpkgs": [
          "nixpkgs"
        ]
      },
      "locked": {
        "lastModified": 1736437680,
        "narHash": "sha256-9Sy17XguKdEU9M5peTrkWSlI/O5IAqjHzdzxbXnc30g=",
        "owner": "nix-community",
        "repo": "disko",
        "rev": "4d5d07d37ff773338e40a92088f45f4f88e509c8",
        "type": "github"
      },
      "original": {
        "owner": "nix-community",
        "repo": "disko",
        "type": "github"
      }
    },
    "hardware": {
      "locked": {
        "lastModified": 1736441705,
        "narHash": "sha256-OL7leZ6KBhcDF3nEKe4aZVfIm6xQpb1Kb+mxySIP93o=",
        "owner": "nixos",
        "repo": "nixos-hardware",
        "rev": "8870dcaff63dfc6647fb10648b827e9d40b0a337",
        "type": "github"
      },
      "original": {
        "owner": "nixos",
        "repo": "nixos-hardware",
        "type": "github"
      }
    },
    "home-manager": {
      "inputs": {
        "nixpkgs": [
          "nixpkgs"
        ]
      },
      "locked": {
        "lastModified": 1736421950,
        "narHash": "sha256-RyrX0WFXxFrYvzHNLTIyuk3NcNl3UBykuYru/P0zW5E=",
        "owner": "nix-community",
        "repo": "home-manager",
        "rev": "d4aebb947a301b8da8654a804979a738c5c5da50",
        "type": "github"
      },
      "original": {
        "owner": "nix-community",
        "ref": "master",
        "repo": "home-manager",
        "type": "github"
      }
    },
    "impermanence": {
      "locked": {
        "lastModified": 1734945620,
        "narHash": "sha256-olIfsfJK4/GFmPH8mXMmBDAkzVQ1TWJmeGT3wBGfQPY=",
        "owner": "nix-community",
        "repo": "impermanence",
        "rev": "d000479f4f41390ff7cf9204979660ad5dd16176",
        "type": "github"
      },
      "original": {
        "owner": "nix-community",
        "repo": "impermanence",
        "type": "github"
      }
    },
    "nix-colors": {
      "inputs": {
        "base16-schemes": "base16-schemes",
        "nixpkgs-lib": "nixpkgs-lib"
      },
      "locked": {
        "lastModified": 1707825078,
        "narHash": "sha256-hTfge2J2W+42SZ7VHXkf4kjU+qzFqPeC9k66jAUBMHk=",
        "owner": "misterio77",
        "repo": "nix-colors",
        "rev": "b01f024090d2c4fc3152cd0cf12027a7b8453ba1",
        "type": "github"
      },
      "original": {
        "owner": "misterio77",
        "repo": "nix-colors",
        "type": "github"
      }
    },
    "nixos-hardware": {
      "locked": {
        "lastModified": 1736441705,
        "narHash": "sha256-OL7leZ6KBhcDF3nEKe4aZVfIm6xQpb1Kb+mxySIP93o=",
        "owner": "nixos",
        "repo": "nixos-hardware",
        "rev": "8870dcaff63dfc6647fb10648b827e9d40b0a337",
        "type": "github"
      },
      "original": {
        "owner": "nixos",
        "repo": "nixos-hardware",
        "type": "github"
      }
    },
    "nixpkgs": {
      "locked": {
        "lastModified": 1736344531,
        "narHash": "sha256-8YVQ9ZbSfuUk2bUf2KRj60NRraLPKPS0Q4QFTbc+c2c=",
        "owner": "nixos",
        "repo": "nixpkgs",
        "rev": "bffc22eb12172e6db3c5dde9e3e5628f8e3e7912",
        "type": "github"
      },
      "original": {
        "owner": "nixos",
        "ref": "nixos-unstable",
        "repo": "nixpkgs",
        "type": "github"
      }
    },
    "nixpkgs-lib": {
      "locked": {
        "lastModified": 1697935651,
        "narHash": "sha256-qOfWjQ2JQSQL15KLh6D7xQhx0qgZlYZTYlcEiRuAMMw=",
        "owner": "nix-community",
        "repo": "nixpkgs.lib",
        "rev": "e1e11fdbb01113d85c7f41cada9d2847660e3902",
        "type": "github"
      },
      "original": {
        "owner": "nix-community",
        "repo": "nixpkgs.lib",
        "type": "github"
      }
    },
    "nixpkgs-unstable": {
      "locked": {
        "lastModified": 1736344531,
        "narHash": "sha256-8YVQ9ZbSfuUk2bUf2KRj60NRraLPKPS0Q4QFTbc+c2c=",
        "owner": "nixos",
        "repo": "nixpkgs",
        "rev": "bffc22eb12172e6db3c5dde9e3e5628f8e3e7912",
        "type": "github"
      },
      "original": {
        "owner": "nixos",
        "ref": "nixos-unstable",
        "repo": "nixpkgs",
        "type": "github"
      }
    },
    "private-secrets": {
      "flake": false,
      "locked": {
        "lastModified": 1735321717,
        "narHash": "sha256-qo7f+gbRnG2fomt195zB4RtRvjmQDMVr+N3O1ISQaWk=",
        "ref": "main",
        "rev": "0d0e2be18c76d08fcb3910c19197ac3e9237157b",
        "shallow": true,
        "type": "git",
        "url": "https://github.com/psiri/nixos-secrets.git"
      },
      "original": {
        "ref": "main",
        "shallow": true,
        "type": "git",
        "url": "https://github.com/psiri/nixos-secrets.git"
      }
    },
    "root": {
      "inputs": {
        "disko": "disko",
        "hardware": "hardware",
        "home-manager": "home-manager",
        "impermanence": "impermanence",
        "nix-colors": "nix-colors",
        "nixos-hardware": "nixos-hardware",
        "nixpkgs": "nixpkgs",
        "nixpkgs-unstable": "nixpkgs-unstable",
        "private-secrets": "private-secrets",
        "sops-nix": "sops-nix"
      }
    },
    "sops-nix": {
      "inputs": {
        "nixpkgs": [
          "nixpkgs"
        ]
      },
      "locked": {
        "lastModified": 1736203741,
        "narHash": "sha256-eSjkBwBdQk+TZWFlLbclF2rAh4JxbGg8az4w/Lfe7f4=",
        "owner": "Mic92",
        "repo": "sops-nix",
        "rev": "c9c88f08e3ee495e888b8d7c8624a0b2519cb773",
        "type": "github"
      },
      "original": {
        "owner": "Mic92",
        "repo": "sops-nix",
        "type": "github"
      }
    }
  },
  "root": "root",
  "version": 7
}
